
Microsoft Visual Studio Solution File, Format Version 12.00
# Visual Studio 15
VisualStudioVersion = 15.0.26730.15
MinimumVisualStudioVersion = 10.0.40219.1
Project("{FAE04EC0-301F-11D3-BF4B-00C04F79EFBC}") = "JARVIS4", "JARVIS4.csproj", "{41779F79-83F2-489E-9060-AEE6133ACA4E}"
EndProject
Global
	GlobalSection(SolutionConfigurationPlatforms) = preSolution
		Debug|Any CPU = Debug|Any CPU
		Release|Any CPU = Release|Any CPU
	EndGlobalSection
	GlobalSection(ProjectConfigurationPlatforms) = postSolution
		{41779F79-83F2-489E-9060-AEE6133ACA4E}.Debug|Any CPU.ActiveCfg = Debug|Any CPU
		{41779F79-83F2-489E-9060-AEE6133ACA4E}.Debug|Any CPU.Build.0 = Debug|Any CPU
		{41779F79-83F2-489E-9060-AEE6133ACA4E}.Release|Any CPU.ActiveCfg = Release|Any CPU
		{41779F79-83F2-489E-9060-AEE6133ACA4E}.Release|Any CPU.Build.0 = Release|Any CPU
	EndGlobalSection
	GlobalSection(SolutionProperties) = preSolution
		HideSolutionNode = FALSE
	EndGlobalSection
	GlobalSection(ExtensibilityGlobals) = postSolution
		SolutionGuid = {F28C086A-0FDB-4BBC-84B9-A8008B7353BC}
	EndGlobalSection
EndGlobal
